# THIS IS AN AUTOGENERATED FILE. DO NOT EDIT THIS FILE DIRECTLY.
# yarn lockfile v1


slim-select@^2.5.0:
  version "2.5.0"
  resolved "https://registry.yarnpkg.com/slim-select/-/slim-select-2.5.0.tgz#002d21886e59be5cb4bb0feb3ba6268001d54ed4"
  integrity sha512-mGYtf57SMCG+9fhlqDYWXF0+K6EYHnYMplBFv1ku67MXFvM19PKeCSmLQoVAfAzQ3rgpql26iSl5XOI49zc0rQ==
